{
  "name": "ae11-runtime-foundation",
  "lockfileVersion": 3,
  "requires": true,
  "packages": {
    "": {
      "name": "ae11-runtime-foundation",
      "workspaces": [
        "packages/runtime",
        "packages/cli",
        "packages/viewport",
        "packages/widget-factory",
        "packages/terminal-adapter"
      ]
    },
    "node_modules/@ae11/cli": {
      "resolved": "packages/cli",
      "link": true
    },
    "node_modules/@ae11/runtime": {
      "resolved": "packages/runtime",
      "link": true
    },
    "node_modules/@ae11/terminal-adapter": {
      "resolved": "packages/terminal-adapter",
      "link": true
    },
    "node_modules/@ae11/viewport": {
      "resolved": "packages/viewport",
      "link": true
    },
    "node_modules/@ae11/widget-factory": {
      "resolved": "packages/widget-factory",
      "link": true
    },
    "packages/cli": {
      "name": "@ae11/cli",
      "version": "0.1.0",
      "dependencies": {
        "@ae11/runtime": "0.1.0"
      },
      "bin": {
        "mcp": "src/mcp.js"
      }
    },
    "packages/runtime": {
      "name": "@ae11/runtime",
      "version": "0.1.0"
    },
    "packages/terminal-adapter": {
      "name": "@ae11/terminal-adapter",
      "version": "0.1.0",
      "dependencies": {
        "@ae11/runtime": "0.1.0"
      }
    },
    "packages/viewport": {
      "name": "@ae11/viewport",
      "version": "0.1.0",
      "dependencies": {
        "@ae11/runtime": "0.1.0"
      }
    },
    "packages/widget-factory": {
      "name": "@ae11/widget-factory",
      "version": "0.1.0",
      "dependencies": {
        "@ae11/runtime": "0.1.0"
      }
    }
  }
}
